github.com/vestverg/baymax/generics v0.0.0-20221228104022-ebdec996d9a7 h1:MWYmCG5zy9wVkNmfDttVGAUfpunFXRlICMC/wMzbP1U=
github.com/vestverg/baymax/generics v0.0.0-20221228104022-ebdec996d9a7/go.mod h1:c7ldSIuLfdHwQ3cdH0mbIFjrnivF1tsnuw92FWEVplg=
golang.org/x/exp v0.0.0-20221227203929-1b447090c38c h1:Govq2W3bnHJimHT2ium65kXcI7ZzTniZHcFATnLJM0Q=
